<?xml version="1.0" encoding="utf-8"?>
<Project ToolsVersion="4.0" xmlns="http://schemas.microsoft.com/developer/msbuild/2003">
  <ItemGroup>
    <Filter Include="Engine">
      <UniqueIdentifier>{41572941-f732-451e-8f93-650782d0027d}</UniqueIdentifier>
    </Filter>
    <Filter Include="Engine\ThirdParty">
      <UniqueIdentifier>{571151c3-6dc5-409a-b9f2-cd3bb256fdee}</UniqueIdentifier>
    </Filter>
    <Filter Include="Engine\EngineObjects">
      <UniqueIdentifier>{fa758476-f9a8-40d4-98a3-4e46ad3779fd}</UniqueIdentifier>
    </Filter>
    <Filter Include="Engine\GameObjects">
      <UniqueIdentifier>{544279a1-dce5-41a0-855d-bed36725157c}</UniqueIdentifier>
    </Filter>
    <Filter Include="Engine\EngineContents">
      <UniqueIdentifier>{120b2042-9c11-4559-a44d-c2356b93c312}</UniqueIdentifier>
    </Filter>
    <Filter Include="Engine\EngineContents\Textures">
      <UniqueIdentifier>{4376ff09-845a-4662-b94e-30d96a6818fe}</UniqueIdentifier>
    </Filter>
    <Filter Include="Engine\Shader">
      <UniqueIdentifier>{e0006359-ab99-43fc-b088-ad51a07b7169}</UniqueIdentifier>
    </Filter>
    <Filter Include="Engine\CoreObjects">
      <UniqueIdentifier>{262a244e-602b-488c-a48c-27af0f768da7}</UniqueIdentifier>
    </Filter>
    <Filter Include="Engine\EnvironmentObjects">
      <UniqueIdentifier>{650c008a-c710-405c-bb76-0a6b025c5146}</UniqueIdentifier>
    </Filter>
  </ItemGroup>
  <ItemGroup>
    <ClCompile Include="glad.c" />
    <ClCompile Include="stb_image.cpp" />
    <ClCompile Include="Application.cpp" />
    <ClCompile Include="Core\Eslon\Primitives\MeshObject.cpp" />
    <ClCompile Include="Core\Eslon\Primitives\LightningShader.cpp" />
  </ItemGroup>
  <ItemGroup>
    <None Include="EngineContents\Shaders\DirectionalLight.frag" />
    <None Include="EngineContents\Shaders\DirectionalLight.vert" />
    <None Include="EngineContents\Shaders\LightObject.frag" />
    <None Include="EngineContents\Shaders\LightObject.vert" />
    <None Include="EngineContents\Shaders\LightSource.frag" />
    <None Include="EngineContents\Shaders\LightSource.vert" />
    <None Include="EngineContents\Shaders\MaterialStandard.frag" />
    <None Include="EngineContents\Shaders\MaterialStandard.vert" />
    <None Include="EngineContents\Shaders\MaterialTexture.frag" />
    <None Include="EngineContents\Shaders\MaterialTexture.vert" />
    <None Include="EngineContents\Shaders\SceneLightDir.frag" />
    <None Include="EngineContents\Shaders\SceneLightDir.vert" />
    <None Include="EngineContents\Shaders\SceneMaterialSun.frag" />
    <None Include="EngineContents\Shaders\SceneMaterialSun.vert" />
    <None Include="EngineContents\Shaders\SceneShader.frag" />
    <None Include="EngineContents\Shaders\SceneShader.vert" />
    <None Include="EngineContents\Shaders\ShaderTest.frag" />
    <None Include="EngineContents\Shaders\ShaderTest.vert" />
    <None Include="EngineContents\Shaders\cube.frag">
      <Filter>Engine\Shader</Filter>
    </None>
    <None Include="EngineContents\Shaders\cube.vert">
      <Filter>Engine\Shader</Filter>
    </None>
    <None Include="EngineContents\Shaders\BoatScene.vert" />
    <None Include="EngineContents\Shaders\BoatScene.frag" />
    <None Include="Core\Assimp\include\assimp\SmoothingGroups.inl" />
    <None Include="EngineContents\Shaders\StandardShader.vert" />
  </ItemGroup>
  <ItemGroup>
    <Image Include="EngineContents\Textures\LightningSampler.png">
      <Filter>Engine\EngineContents\Textures</Filter>
    </Image>
    <Image Include="EngineContents\Textures\LightningSamplerBlack.png">
      <Filter>Engine\EngineContents\Textures</Filter>
    </Image>
    <Image Include="EngineContents\Textures\CheckerSamplerJ.jpg">
      <Filter>Engine\EngineContents\Textures</Filter>
    </Image>
    <Image Include="EngineContents\Textures\container2_diffuse.png">
      <Filter>Engine\EngineContents\Textures</Filter>
    </Image>
    <Image Include="EngineContents\Textures\container2_spec.png">
      <Filter>Engine\EngineContents\Textures</Filter>
    </Image>
  </ItemGroup>
  <ItemGroup>
    <ClInclude Include="StaterMotor.h" />
    <ClInclude Include="Core\Eslon\3rdParty\stb_image.h" />
    <ClInclude Include="Core\Eslon\Debuger\Print.h" />
    <ClInclude Include="Core\Eslon\Environment\EnvironmentObject.h" />
    <ClInclude Include="Core\Eslon\Manager\LightningImporter.h" />
    <ClInclude Include="Core\Eslon\Math\CoreEslonMath.h" />
    <ClInclude Include="Core\Eslon\Primitives\CameraObject.h" />
    <ClInclude Include="Core\Eslon\Primitives\Geometry.h" />
    <ClInclude Include="Core\Eslon\Primitives\LightningEngineObject.h" />
    <ClInclude Include="Core\Eslon\Primitives\LightningShader.h" />
    <ClInclude Include="Core\Eslon\Primitives\LightObject.h" />
    <ClInclude Include="Core\Eslon\Primitives\MeshObject.h" />
    <ClInclude Include="Core\Eslon\Primitives\ModelObject.h" />
    <ClInclude Include="Core\Assimp\include\assimp\port\AndroidJNI\AndroidJNIIOSystem.h" />
    <ClInclude Include="Core\Assimp\include\assimp\aabb.h" />
    <ClInclude Include="Core\Assimp\include\assimp\BaseImporter.h" />
    <ClInclude Include="Core\Assimp\include\assimp\Bitmap.h" />
    <ClInclude Include="Core\Assimp\include\assimp\BlobIOSystem.h" />
    <ClInclude Include="Core\Assimp\include\assimp\ByteSwapper.h" />
    <ClInclude Include="Core\Assimp\include\assimp\CreateAnimMesh.h" />
    <ClInclude Include="Core\Assimp\include\assimp\DefaultIOStream.h" />
    <ClInclude Include="Core\Assimp\include\assimp\DefaultIOSystem.h" />
    <ClInclude Include="Core\Assimp\include\assimp\Defines.h" />
    <ClInclude Include="Core\Assimp\include\assimp\Exceptional.h" />
    <ClInclude Include="Core\Assimp\include\assimp\fast_atof.h" />
    <ClInclude Include="Core\Assimp\include\assimp\GenericProperty.h" />
    <ClInclude Include="Core\Assimp\include\assimp\Hash.h" />
    <ClInclude Include="Core\Assimp\include\assimp\IOStreamBuffer.h" />
    <ClInclude Include="Core\Assimp\include\assimp\irrXMLWrapper.h" />
    <ClInclude Include="Core\Assimp\include\assimp\LineSplitter.h" />
    <ClInclude Include="Core\Assimp\include\assimp\LogAux.h" />
    <ClInclude Include="Core\Assimp\include\assimp\Macros.h" />
    <ClInclude Include="Core\Assimp\include\assimp\MathFunctions.h" />
    <ClInclude Include="Core\Assimp\include\assimp\MemoryIOWrapper.h" />
    <ClInclude Include="Core\Assimp\include\assimp\ParsingUtils.h" />
    <ClInclude Include="Core\Assimp\include\assimp\pbrmaterial.h" />
    <ClInclude Include="Core\Assimp\include\assimp\Profiler.h" />
    <ClInclude Include="Core\Assimp\include\assimp\qnan.h" />
    <ClInclude Include="Core\Assimp\include\assimp\RemoveComments.h" />
    <ClInclude Include="Core\Assimp\include\assimp\SceneCombiner.h" />
    <ClInclude Include="Core\Assimp\include\assimp\SGSpatialSort.h" />
    <ClInclude Include="Core\Assimp\include\assimp\SkeletonMeshBuilder.h" />
    <ClInclude Include="Core\Assimp\include\assimp\SmoothingGroups.h" />
    <ClInclude Include="Core\Assimp\include\assimp\SpatialSort.h" />
    <ClInclude Include="Core\Assimp\include\assimp\StandardShapes.h" />
    <ClInclude Include="Core\Assimp\include\assimp\StreamReader.h" />
    <ClInclude Include="Core\Assimp\include\assimp\StreamWriter.h" />
    <ClInclude Include="Core\Assimp\include\assimp\StringComparison.h" />
    <ClInclude Include="Core\Assimp\include\assimp\StringUtils.h" />
    <ClInclude Include="Core\Assimp\include\assimp\Subdivision.h" />
    <ClInclude Include="Core\Assimp\include\assimp\TinyFormatter.h" />
    <ClInclude Include="Core\Assimp\include\assimp\Vertex.h" />
    <ClInclude Include="Core\Assimp\include\assimp\XMLTools.h" />
    <ClInclude Include="Core\Assimp\include\assimp\ZipArchiveIOSystem.h" />
    <ClInclude Include="Core\Eslon\Manager\ProjectAssets.h" />
    <ClInclude Include="Engine\EngineObjects.h" />
    <ClInclude Include="Engine\EngineMath.h" />
    <ClInclude Include="Engine\OpenGL.h" />
    <ClInclude Include="Engine\Standard.h" />
    <ClInclude Include="EngineContents\Levels\LevelShip.h" />
  </ItemGroup>
</Project>